<?xml version="1.0" encoding="UTF-8" standalone="yes" ?>
<CodeBlocks_project_file>
	<FileVersion major="1" minor="6" />
	<Project>
		<Option title="Raytracer" />
		<Option platforms="Windows;Unix;" />
		<Option makefile_is_custom="1" />
		<Option pch_mode="2" />
		<Option compiler="gcc" />
		<Build>
			<Target title="Debug">
				<Option platforms="Windows;Unix;" />
				<Option output="bin/Debug/Raytracer" prefix_auto="1" extension_auto="1" />
				<Option object_output="obj/Debug/" />
				<Option type="1" />
				<Option compiler="gcc" />
				<Compiler>
					<Add option="-g" />
				</Compiler>
				<Linker>
					<Add library="sfml-graphics-d" />
					<Add library="sfml-window-d" />
					<Add library="sfml-system-d" />
					<Add library="RocketCore_d.dll" />
					<Add library="RocketControls_d.dll" />
					<Add library="RocketDebugger_d.dll" />
				</Linker>
				<MakeCommands>
					<Build command="$make -f $makefile debug" />
					<CompileFile command="$make -f $makefile $file" />
					<Clean command="$make -f $makefile debug-clean" />
					<DistClean command="$make -f $makefile distclean$target" />
					<AskRebuildNeeded command="$make -q -f $makefile debug" />
					<SilentBuild command="$make -f $makefile debug &gt; $(CMD_NULL)" />
				</MakeCommands>
			</Target>
			<Target title="Release">
				<Option platforms="Windows;Unix;" />
				<Option output="bin/Release/Raytracer" prefix_auto="1" extension_auto="1" />
				<Option object_output="obj/Release/" />
				<Option type="1" />
				<Option compiler="gcc" />
				<Compiler>
					<Add option="-O2" />
				</Compiler>
				<Linker>
					<Add option="-s" />
					<Add library="sfml-graphics" />
					<Add library="sfml-window" />
					<Add library="sfml-system" />
					<Add library="RocketCore.dll" />
					<Add library="RocketControls.dll" />
					<Add library="RocketDebugger.dll" />
				</Linker>
				<MakeCommands>
					<Build command="$make -f $makefile release" />
					<CompileFile command="$make -f $makefile $file" />
					<Clean command="$make -f $makefile release-clean" />
					<DistClean command="$make -f $makefile distclean$target" />
					<AskRebuildNeeded command="$make -q -f $makefile release" />
					<SilentBuild command="$make -f $makefile release &gt; $(CMD_NULL)" />
				</MakeCommands>
			</Target>
		</Build>
		<Compiler>
			<Add option="-Wall" />
			<Add directory="../RayTracer_CBProject" />
			<Add directory="SFML-2.0_1-17-13/include" />
			<Add directory="libRocket/include" />
			<Add directory="../../../../Program Files (x86)/GnuWin32/include" />
		</Compiler>
		<Linker>
			<Add library="freetype" />
			<Add directory="SFML-2.0_1-17-13/lib/windows" />
			<Add directory="SFML-2.0_1-17-13/lib/linux" />
			<Add directory="libRocket/lib/windows" />
			<Add directory="libRocket/lib/linux" />
			<Add directory="../../../../Program Files (x86)/GnuWin32/lib" />
		</Linker>
		<ExtraCommands>
			<Add before="$(#qt4)/bin/qmake -makefile -o Makefile" />
		</ExtraCommands>
		<Unit filename="include/Application.h" />
		<Unit filename="include/Camera.h">
			<Option target="&lt;{~None~}&gt;" />
		</Unit>
		<Unit filename="include/Color.h" />
		<Unit filename="include/Events.h" />
		<Unit filename="include/GUI/QSFMLCanvas.hpp" />
		<Unit filename="include/GUI/renderWindowWrapper.hpp" />
		<Unit filename="include/Light.h" />
		<Unit filename="include/RayTracer.h" />
		<Unit filename="include/RenderParams.h" />
		<Unit filename="include/Scene.h">
			<Option target="&lt;{~None~}&gt;" />
		</Unit>
		<Unit filename="include/Shader.h" />
		<Unit filename="include/Shapes.h">
			<Option target="&lt;{~None~}&gt;" />
		</Unit>
		<Unit filename="include/Utility.h">
			<Option target="&lt;{~None~}&gt;" />
		</Unit>
		<Unit filename="include/libtarga.h">
			<Option target="&lt;{~None~}&gt;" />
		</Unit>
		<Unit filename="include/stdafx.h">
			<Option target="&lt;{~None~}&gt;" />
		</Unit>
		<Unit filename="include/targetver.h">
			<Option target="&lt;{~None~}&gt;" />
		</Unit>
		<Unit filename="src/Application.cpp" />
		<Unit filename="src/Camera.cpp" />
		<Unit filename="src/GUI/QSFMLCanvas.cpp" />
		<Unit filename="src/Light.cpp" />
		<Unit filename="src/RayTracer.cpp" />
		<Unit filename="src/RenderParams.cpp" />
		<Unit filename="src/Scene.cpp" />
		<Unit filename="src/Shader.cpp" />
		<Unit filename="src/Shapes.cpp" />
		<Unit filename="src/Utility.cpp" />
		<Unit filename="src/libtarga.c">
			<Option compilerVar="CC" />
		</Unit>
		<Unit filename="src/main.cpp" />
		<Unit filename="src/stdafx.cpp" />
		<Extensions>
			<code_completion />
			<envvars />
			<debugger />
			<DoxyBlocks>
				<comment_style block="0" line="0" />
				<doxyfile_project />
				<doxyfile_build />
				<doxyfile_warnings />
				<doxyfile_output />
				<doxyfile_dot />
				<general />
			</DoxyBlocks>
		</Extensions>
	</Project>
</CodeBlocks_project_file>
